// !$*UTF8*$!
{
	archiveVersion = 1;
	classes = {
	};
	objectVersion = 50;
	objects = {

/* Begin PBXBuildFile section */
		043CDA6621D70AC900196C07 /* libitunesdb2.hpp in Headers */ = {isa = PBXBuildFile; fileRef = 043CDA6521D70AC900196C07 /* libitunesdb2.hpp */; };
		043CDA6821D70AC900196C07 /* libitunesdb2Priv.hpp in Headers */ = {isa = PBXBuildFile; fileRef = 043CDA6721D70AC900196C07 /* libitunesdb2Priv.hpp */; };
		043CDA6A21D70AC900196C07 /* libitunesdb2.cpp in Sources */ = {isa = PBXBuildFile; fileRef = 043CDA6921D70AC900196C07 /* libitunesdb2.cpp */; };
/* End PBXBuildFile section */

/* Begin PBXFileReference section */
		043CDA6221D70AC900196C07 /* liblibitunesdb2.a */ = {isa = PBXFileReference; explicitFileType = archive.ar; includeInIndex = 0; path = liblibitunesdb2.a; sourceTree = BUILT_PRODUCTS_DIR; };
		043CDA6521D70AC900196C07 /* libitunesdb2.hpp */ = {isa = PBXFileReference; lastKnownFileType = sourcecode.cpp.h; path = libitunesdb2.hpp; sourceTree = "<group>"; };
		043CDA6721D70AC900196C07 /* libitunesdb2Priv.hpp */ = {isa = PBXFileReference; lastKnownFileType = sourcecode.cpp.h; path = libitunesdb2Priv.hpp; sourceTree = "<group>"; };
		043CDA6921D70AC900196C07 /* libitunesdb2.cpp */ = {isa = PBXFileReference; lastKnownFileType = sourcecode.cpp.cpp; path = libitunesdb2.cpp; sourceTree = "<group>"; };
/* End PBXFileReference section */

/* Begin PBXFrameworksBuildPhase section */
		043CDA6021D70AC900196C07 /* Frameworks */ = {
			isa = PBXFrameworksBuildPhase;
			buildActionMask = 2147483647;
			files = (
			);
			runOnlyForDeploymentPostprocessing = 0;
		};
/* End PBXFrameworksBuildPhase section */

/* Begin PBXGroup section */
		043CDA5921D70AC900196C07 = {
			isa = PBXGroup;
			children = (
				043CDA6421D70AC900196C07 /* libitunesdb2 */,
				043CDA6321D70AC900196C07 /* Products */,
			);
			sourceTree = "<group>";
		};
		043CDA6321D70AC900196C07 /* Products */ = {
			isa = PBXGroup;
			children = (
				043CDA6221D70AC900196C07 /* liblibitunesdb2.a */,
			);
			name = Products;
			sourceTree = "<group>";
		};
		043CDA6421D70AC900196C07 /* libitunesdb2 */ = {
			isa = PBXGroup;
			children = (
				043CDA6521D70AC900196C07 /* libitunesdb2.hpp */,
				043CDA6721D70AC900196C07 /* libitunesdb2Priv.hpp */,
				043CDA6921D70AC900196C07 /* libitunesdb2.cpp */,
			);
			path = libitunesdb2;
			sourceTree = "<group>";
		};
/* End PBXGroup section */

/* Begin PBXHeadersBuildPhase section */
		043CDA5E21D70AC900196C07 /* Headers */ = {
			isa = PBXHeadersBuildPhase;
			buildActionMask = 2147483647;
			files = (
				043CDA6821D70AC900196C07 /* libitunesdb2Priv.hpp in Headers */,
				043CDA6621D70AC900196C07 /* libitunesdb2.hpp in Headers */,
			);
			runOnlyForDeploymentPostprocessing = 0;
		};
/* End PBXHeadersBuildPhase section */

/* Begin PBXNativeTarget section */
		043CDA6121D70AC900196C07 /* libitunesdb2 */ = {
			isa = PBXNativeTarget;
			buildConfigurationList = 043CDA6D21D70AC900196C07 /* Build configuration list for PBXNativeTarget "libitunesdb2" */;
			buildPhases = (
				043CDA5E21D70AC900196C07 /* Headers */,
				043CDA5F21D70AC900196C07 /* Sources */,
				043CDA6021D70AC900196C07 /* Frameworks */,
			);
			buildRules = (
			);
			dependencies = (
			);
			name = libitunesdb2;
			productName = libitunesdb2;
			productReference = 043CDA6221D70AC900196C07 /* liblibitunesdb2.a */;
			productType = "com.apple.product-type.library.static";
		};
/* End PBXNativeTarget section */

/* Begin PBXProject section */
		043CDA5A21D70AC900196C07 /* Project object */ = {
			isa = PBXProject;
			attributes = {
				LastUpgradeCheck = 1010;
				ORGANIZATIONNAME = MCJack123;
				TargetAttributes = {
					043CDA6121D70AC900196C07 = {
						CreatedOnToolsVersion = 10.1;
					};
				};
			};
			buildConfigurationList = 043CDA5D21D70AC900196C07 /* Build configuration list for PBXProject "libitunesdb2" */;
			compatibilityVersion = "Xcode 9.3";
			developmentRegion = en;
			hasScannedForEncodings = 0;
			knownRegions = (
				en,
			);
			mainGroup = 043CDA5921D70AC900196C07;
			productRefGroup = 043CDA6321D70AC900196C07 /* Products */;
			projectDirPath = "";
			projectRoot = "";
			targets = (
				043CDA6121D70AC900196C07 /* libitunesdb2 */,
			);
		};
/* End PBXProject section */

/* Begin PBXSourcesBuildPhase section */
		043CDA5F21D70AC900196C07 /* Sources */ = {
			isa = PBXSourcesBuildPhase;
			buildActionMask = 2147483647;
			files = (
				043CDA6A21D70AC900196C07 /* libitunesdb2.cpp in Sources */,
			);
			runOnlyForDeploymentPostprocessing = 0;
		};
/* End PBXSourcesBuildPhase section */

/* Begin XCBuildConfiguration section */
		043CDA6B21D70AC900196C07 /* Debug */ = {
			isa = XCBuildConfiguration;
			buildSettings = {
				ALWAYS_SEARCH_USER_PATHS = NO;
				CLANG_ANALYZER_NONNULL = YES;
				CLANG_ANALYZER_NUMBER_OBJECT_CONVERSION = YES_AGGRESSIVE;
				CLANG_CXX_LANGUAGE_STANDARD = "gnu++14";
				CLANG_CXX_LIBRARY = "libc++";
				CLANG_ENABLE_MODULES = YES;
				CLANG_ENABLE_OBJC_ARC = YES;
				CLANG_ENABLE_OBJC_WEAK = YES;
				CLANG_WARN_BLOCK_CAPTURE_AUTORELEASING = YES;
				CLANG_WARN_BOOL_CONVERSION = YES;
				CLANG_WARN_COMMA = YES;
				CLANG_WARN_CONSTANT_CONVERSION = YES;
				CLANG_WARN_DEPRECATED_OBJC_IMPLEMENTATIONS = YES;
				CLANG_WARN_DIRECT_OBJC_ISA_USAGE = YES_ERROR;
				CLANG_WARN_DOCUMENTATION_COMMENTS = YES;
				CLANG_WARN_EMPTY_BODY = YES;
				CLANG_WARN_ENUM_CONVERSION = YES;
				CLANG_WARN_INFINITE_RECURSION = YES;
				CLANG_WARN_INT_CONVERSION = YES;
				CLANG_WARN_NON_LITERAL_NULL_CONVERSION = YES;
				CLANG_WARN_OBJC_IMPLICIT_RETAIN_SELF = YES;
				CLANG_WARN_OBJC_LITERAL_CONVERSION = YES;
				CLANG_WARN_OBJC_ROOT_CLASS = YES_ERROR;
				CLANG_WARN_RANGE_LOOP_ANALYSIS = YES;
				CLANG_WARN_STRICT_PROTOTYPES = YES;
				CLANG_WARN_SUSPICIOUS_MOVE = YES;
				CLANG_WARN_UNGUARDED_AVAILABILITY = YES_AGGRESSIVE;
				CLANG_WARN_UNREACHABLE_CODE = YES;
				CLANG_WARN__DUPLICATE_METHOD_MATCH = YES;
				CODE_SIGN_IDENTITY = "Mac Developer";
				COPY_PHASE_STRIP = NO;
				DEBUG_INFORMATION_FORMAT = dwarf;
				ENABLE_STRICT_OBJC_MSGSEND = YES;
				ENABLE_TESTABILITY = YES;
				GCC_C_LANGUAGE_STANDARD = gnu11;
				GCC_DYNAMIC_NO_PIC = NO;
				GCC_NO_COMMON_BLOCKS = YES;
				GCC_OPTIMIZATION_LEVEL = 0;
				GCC_PREPROCESSOR_DEFINITIONS = (
					"DEBUG=1",
					"$(inherited)",
				);
				GCC_WARN_64_TO_32_BIT_CONVERSION = YES;
				GCC_WARN_ABOUT_RETURN_TYPE = YES_ERROR;
				GCC_WARN_UNDECLARED_SELECTOR = YES;
				GCC_WARN_UNINITIALIZED_AUTOS = YES_AGGRESSIVE;
				GCC_WARN_UNUSED_FUNCTION = YES;
				GCC_WARN_UNUSED_VARIABLE = YES;
				MACOSX_DEPLOYMENT_TARGET = 10.14;
				MTL_ENABLE_DEBUG_INFO = INCLUDE_SOURCE;
				MTL_FAST_MATH = YES;
				ONLY_ACTIVE_ARCH = YES;
				SDKROOT = macosx;
			};
			name = Debug;
		};
		043CDA6C21D70AC900196C07 /* Release */ = {
			isa = XCBuildConfiguration;
			buildSettings = {
				ALWAYS_SEARCH_USER_PATHS = NO;
				CLANG_ANALYZER_NONNULL = YES;
				CLANG_ANALYZER_NUMBER_OBJECT_CONVERSION = YES_AGGRESSIVE;
				CLANG_CXX_LANGUAGE_STANDARD = "gnu++14";
				CLANG_CXX_LIBRARY = "libc++";
				CLANG_ENABLE_MODULES = YES;
				CLANG_ENABLE_OBJC_ARC = YES;
				CLANG_ENABLE_OBJC_WEAK = YES;
				CLANG_WARN_BLOCK_CAPTURE_AUTORELEASING = YES;
				CLANG_WARN_BOOL_CONVERSION = YES;
				CLANG_WARN_COMMA = YES;
				CLANG_WARN_CONSTANT_CONVERSION = YES;
				CLANG_WARN_DEPRECATED_OBJC_IMPLEMENTATIONS = YES;
				CLANG_WARN_DIRECT_OBJC_ISA_USAGE = YES_ERROR;
				CLANG_WARN_DOCUMENTATION_COMMENTS = YES;
				CLANG_WARN_EMPTY_BODY = YES;
				CLANG_WARN_ENUM_CONVERSION = YES;
				CLANG_WARN_INFINITE_RECURSION = YES;
				CLANG_WARN_INT_CONVERSION = YES;
				CLANG_WARN_NON_LITERAL_NULL_CONVERSION = YES;
				CLANG_WARN_OBJC_IMPLICIT_RETAIN_SELF = YES;
				CLANG_WARN_OBJC_LITERAL_CONVERSION = YES;
				CLANG_WARN_OBJC_ROOT_CLASS = YES_ERROR;
				CLANG_WARN_RANGE_LOOP_ANALYSIS = YES;
				CLANG_WARN_STRICT_PROTOTYPES = YES;
				CLANG_WARN_SUSPICIOUS_MOVE = YES;
				CLANG_WARN_UNGUARDED_AVAILABILITY = YES_AGGRESSIVE;
				CLANG_WARN_UNREACHABLE_CODE = YES;
				CLANG_WARN__DUPLICATE_METHOD_MATCH = YES;
				CODE_SIGN_IDENTITY = "Mac Developer";
				COPY_PHASE_STRIP = NO;
				DEBUG_INFORMATION_FORMAT = "dwarf-with-dsym";
				ENABLE_NS_ASSERTIONS = NO;
				ENABLE_STRICT_OBJC_MSGSEND = YES;
				GCC_C_LANGUAGE_STANDARD = gnu11;
				GCC_NO_COMMON_BLOCKS = YES;
				GCC_WARN_64_TO_32_BIT_CONVERSION = YES;
				GCC_WARN_ABOUT_RETURN_TYPE = YES_ERROR;
				GCC_WARN_UNDECLARED_SELECTOR = YES;
				GCC_WARN_UNINITIALIZED_AUTOS = YES_AGGRESSIVE;
				GCC_WARN_UNUSED_FUNCTION = YES;
				GCC_WARN_UNUSED_VARIABLE = YES;
				MACOSX_DEPLOYMENT_TARGET = 10.14;
				MTL_ENABLE_DEBUG_INFO = NO;
				MTL_FAST_MATH = YES;
				SDKROOT = macosx;
			};
			name = Release;
		};
		043CDA6E21D70AC900196C07 /* Debug */ = {
			isa = XCBuildConfiguration;
			buildSettings = {
				CODE_SIGN_STYLE = Automatic;
				DEVELOPMENT_TEAM = 94H887LKV9;
				EXECUTABLE_PREFIX = lib;
				GCC_ENABLE_CPP_EXCEPTIONS = YES;
				GCC_ENABLE_CPP_RTTI = YES;
				PRODUCT_NAME = "$(TARGET_NAME)";
				SKIP_INSTALL = YES;
			};
			name = Debug;
		};
		043CDA6F21D70AC900196C07 /* Release */ = {
			isa = XCBuildConfiguration;
			buildSettings = {
				CODE_SIGN_STYLE = Automatic;
				DEVELOPMENT_TEAM = 94H887LKV9;
				EXECUTABLE_PREFIX = lib;
				GCC_ENABLE_CPP_EXCEPTIONS = YES;
				GCC_ENABLE_CPP_RTTI = YES;
				PRODUCT_NAME = "$(TARGET_NAME)";
				SKIP_INSTALL = YES;
			};
			name = Release;
		};
/* End XCBuildConfiguration section */

/* Begin XCConfigurationList section */
		043CDA5D21D70AC900196C07 /* Build configuration list for PBXProject "libitunesdb2" */ = {
			isa = XCConfigurationList;
			buildConfigurations = (
				043CDA6B21D70AC900196C07 /* Debug */,
				043CDA6C21D70AC900196C07 /* Release */,
			);
			defaultConfigurationIsVisible = 0;
			defaultConfigurationName = Release;
		};
		043CDA6D21D70AC900196C07 /* Build configuration list for PBXNativeTarget "libitunesdb2" */ = {
			isa = XCConfigurationList;
			buildConfigurations = (
				043CDA6E21D70AC900196C07 /* Debug */,
				043CDA6F21D70AC900196C07 /* Release */,
			);
			defaultConfigurationIsVisible = 0;
			defaultConfigurationName = Release;
		};
/* End XCConfigurationList section */
	};
	rootObject = 043CDA5A21D70AC900196C07 /* Project object */;
}
